github.com/boynton/sadl v0.0.0-20190606192138-08bd92f2a0ad h1:wjWwHwz3MmyPqmgvfObXb3EmtthxmepBqQjreKZxY1U=
github.com/boynton/sadl v0.0.0-20190606192138-08bd92f2a0ad/go.mod h1:3aWIqjxasnjcgmfssoVsx+cIPSN7MHzVKNpt5uO4CoE=
github.com/ghodss/yaml v1.0.0/go.mod h1:4dBDuWmgqj2HViK6kFavaiC9ZROes6MMH2rRYeMEF04=
gopkg.in/check.v1 v0.0.0-20161208181325-20d25e280405/go.mod h1:Co6ibVJAznAaIkqp8huTwlJQCZ016jof/cbN4VW5Yz0=
gopkg.in/yaml.v2 v2.2.2/go.mod h1:hI93XBmqTisBFMUTm0b8Fm+jr3Dg1NNxqwp+5A1VGuI=
